
Microsoft Visual Studio Solution File, Format Version 12.00
# Visual Studio 15
VisualStudioVersion = 15.0.28307.960
MinimumVisualStudioVersion = 10.0.40219.1
Project("{9A19103F-16F7-4668-BE54-9A1E7A4F7556}") = "LoadBalancing", "LoadBalancing\LoadBalancing.csproj", "{B1C93D2A-70D1-499F-8702-077D74BFEE0D}"
EndProject
Project("{9A19103F-16F7-4668-BE54-9A1E7A4F7556}") = "LoadBalancing.Tests", "LoadBalancing.Tests\LoadBalancing.Tests.csproj", "{2B2E6C3F-E67E-41C2-A379-6C132A65FD03}"
EndProject
Project("{9A19103F-16F7-4668-BE54-9A1E7A4F7556}") = "LoadBalancing.Providers.Abstractions", "LoadBalancing.Providers.Interfaces\LoadBalancing.Providers.Abstractions.csproj", "{20E4EB28-E463-4BB7-8EEC-2A719B14DD94}"
EndProject
Project("{9A19103F-16F7-4668-BE54-9A1E7A4F7556}") = "LoadBalancing.App", "LoadBalancing.App\LoadBalancing.App.csproj", "{7E099DC4-D1F3-430C-AC0F-F591421A8848}"
EndProject
Project("{FAE04EC0-301F-11D3-BF4B-00C04F79EFBC}") = "LoadBalancing.Algorithms.Abstractions", "LoadBalancing.Algorithms.Abstractions\LoadBalancing.Algorithms.Abstractions.csproj", "{5E3141A1-CFAF-489E-B808-279F80634B7D}"
EndProject
Project("{FAE04EC0-301F-11D3-BF4B-00C04F79EFBC}") = "LoadBalancing.Algorithms.RandomInvocation", "LoadBalancing.Algorithms.RandomInvocationAlgorithm\LoadBalancing.Algorithms.RandomInvocation.csproj", "{8B620551-8651-476E-A889-F63D68ADEA28}"
EndProject
Global
	GlobalSection(SolutionConfigurationPlatforms) = preSolution
		Debug|Any CPU = Debug|Any CPU
		Release|Any CPU = Release|Any CPU
	EndGlobalSection
	GlobalSection(ProjectConfigurationPlatforms) = postSolution
		{B1C93D2A-70D1-499F-8702-077D74BFEE0D}.Debug|Any CPU.ActiveCfg = Debug|Any CPU
		{B1C93D2A-70D1-499F-8702-077D74BFEE0D}.Debug|Any CPU.Build.0 = Debug|Any CPU
		{B1C93D2A-70D1-499F-8702-077D74BFEE0D}.Release|Any CPU.ActiveCfg = Release|Any CPU
		{B1C93D2A-70D1-499F-8702-077D74BFEE0D}.Release|Any CPU.Build.0 = Release|Any CPU
		{2B2E6C3F-E67E-41C2-A379-6C132A65FD03}.Debug|Any CPU.ActiveCfg = Debug|Any CPU
		{2B2E6C3F-E67E-41C2-A379-6C132A65FD03}.Debug|Any CPU.Build.0 = Debug|Any CPU
		{2B2E6C3F-E67E-41C2-A379-6C132A65FD03}.Release|Any CPU.ActiveCfg = Release|Any CPU
		{2B2E6C3F-E67E-41C2-A379-6C132A65FD03}.Release|Any CPU.Build.0 = Release|Any CPU
		{20E4EB28-E463-4BB7-8EEC-2A719B14DD94}.Debug|Any CPU.ActiveCfg = Debug|Any CPU
		{20E4EB28-E463-4BB7-8EEC-2A719B14DD94}.Debug|Any CPU.Build.0 = Debug|Any CPU
		{20E4EB28-E463-4BB7-8EEC-2A719B14DD94}.Release|Any CPU.ActiveCfg = Release|Any CPU
		{20E4EB28-E463-4BB7-8EEC-2A719B14DD94}.Release|Any CPU.Build.0 = Release|Any CPU
		{7E099DC4-D1F3-430C-AC0F-F591421A8848}.Debug|Any CPU.ActiveCfg = Debug|Any CPU
		{7E099DC4-D1F3-430C-AC0F-F591421A8848}.Debug|Any CPU.Build.0 = Debug|Any CPU
		{7E099DC4-D1F3-430C-AC0F-F591421A8848}.Release|Any CPU.ActiveCfg = Release|Any CPU
		{7E099DC4-D1F3-430C-AC0F-F591421A8848}.Release|Any CPU.Build.0 = Release|Any CPU
		{5E3141A1-CFAF-489E-B808-279F80634B7D}.Debug|Any CPU.ActiveCfg = Debug|Any CPU
		{5E3141A1-CFAF-489E-B808-279F80634B7D}.Debug|Any CPU.Build.0 = Debug|Any CPU
		{5E3141A1-CFAF-489E-B808-279F80634B7D}.Release|Any CPU.ActiveCfg = Release|Any CPU
		{5E3141A1-CFAF-489E-B808-279F80634B7D}.Release|Any CPU.Build.0 = Release|Any CPU
		{8B620551-8651-476E-A889-F63D68ADEA28}.Debug|Any CPU.ActiveCfg = Debug|Any CPU
		{8B620551-8651-476E-A889-F63D68ADEA28}.Debug|Any CPU.Build.0 = Debug|Any CPU
		{8B620551-8651-476E-A889-F63D68ADEA28}.Release|Any CPU.ActiveCfg = Release|Any CPU
		{8B620551-8651-476E-A889-F63D68ADEA28}.Release|Any CPU.Build.0 = Release|Any CPU
	EndGlobalSection
	GlobalSection(SolutionProperties) = preSolution
		HideSolutionNode = FALSE
	EndGlobalSection
	GlobalSection(ExtensibilityGlobals) = postSolution
		SolutionGuid = {FFAA66D7-D0E4-4ED0-A367-C9CD6FEA7018}
	EndGlobalSection
EndGlobal
